Microsoft Visual Studio Solution File, Format Version 12.00
# Visual Studio Version 17
VisualStudioVersion = 17.1.32328.378
MinimumVisualStudioVersion = 17.1.32328.378
Project("{2150E333-8FDC-42A3-9474-1A3956D46DE8}") = "src", "src", "{DFF8BEDD-C9C6-414B-B606-0022A1C3CB76}"
EndProject
Project("{2150E333-8FDC-42A3-9474-1A3956D46DE8}") = "root", "root", "{7B2925CB-4356-4678-B242-510743D65F1F}"
	ProjectSection(SolutionItems) = preProject
		Directory.Build.props = Directory.Build.props
		global.json = global.json
		NOTICE.md = NOTICE.md
	EndProjectSection
EndProject
Project("{9A19103F-16F7-4668-BE54-9A1E7A4F7556}") = "IdentityEngine", "src\IdentityEngine\IdentityEngine.csproj", "{EA906DDB-DEFE-44E5-B5EF-3116D51AE782}"
EndProject
Global
	GlobalSection(SolutionConfigurationPlatforms) = preSolution
		Debug|Any CPU = Debug|Any CPU
		Release|Any CPU = Release|Any CPU
	EndGlobalSection
	GlobalSection(ProjectConfigurationPlatforms) = postSolution
		{EA906DDB-DEFE-44E5-B5EF-3116D51AE782}.Debug|Any CPU.ActiveCfg = Debug|Any CPU
		{EA906DDB-DEFE-44E5-B5EF-3116D51AE782}.Debug|Any CPU.Build.0 = Debug|Any CPU
		{EA906DDB-DEFE-44E5-B5EF-3116D51AE782}.Release|Any CPU.ActiveCfg = Release|Any CPU
		{EA906DDB-DEFE-44E5-B5EF-3116D51AE782}.Release|Any CPU.Build.0 = Release|Any CPU
	EndGlobalSection
	GlobalSection(SolutionProperties) = preSolution
		HideSolutionNode = FALSE
	EndGlobalSection
	GlobalSection(NestedProjects) = preSolution
		{DFF8BEDD-C9C6-414B-B606-0022A1C3CB76} = {7B2925CB-4356-4678-B242-510743D65F1F}
		{EA906DDB-DEFE-44E5-B5EF-3116D51AE782} = {DFF8BEDD-C9C6-414B-B606-0022A1C3CB76}
	EndGlobalSection
	GlobalSection(ExtensibilityGlobals) = postSolution
		SolutionGuid = {6DA9C2B0-B50E-496E-A7F7-2DA3F04B52E3}
	EndGlobalSection
EndGlobal
